// !$*UTF8*$!
{
	archiveVersion = 1;
	classes = {
	};
	objectVersion = 52;
	objects = {

/* Begin PBXBuildFile section */
		392EC1662583F08500F1AB4B /* String+Extensions.swift in Sources */ = {isa = PBXBuildFile; fileRef = 392EC1652583F08500F1AB4B /* String+Extensions.swift */; };
		392EC1692583FEF700F1AB4B /* VCGame.swift in Sources */ = {isa = PBXBuildFile; fileRef = 392EC1682583FEF600F1AB4B /* VCGame.swift */; };
		392EC16E2584023900F1AB4B /* Size.swift in Sources */ = {isa = PBXBuildFile; fileRef = 392EC16D2584023900F1AB4B /* Size.swift */; };
		392EC1722584025200F1AB4B /* Palette.swift in Sources */ = {isa = PBXBuildFile; fileRef = 392EC1712584025200F1AB4B /* Palette.swift */; };
		393192982584084B006F40FC /* App.swift in Sources */ = {isa = PBXBuildFile; fileRef = 393192972584084B006F40FC /* App.swift */; };
		3931929C25840B7C006F40FC /* Array+Extensions.swift in Sources */ = {isa = PBXBuildFile; fileRef = 3931929B25840B7C006F40FC /* Array+Extensions.swift */; };
		393192A025840C4D006F40FC /* Functional.swift in Sources */ = {isa = PBXBuildFile; fileRef = 3931929F25840C4D006F40FC /* Functional.swift */; };
		393192A325840F82006F40FC /* Curry.swift in Sources */ = {isa = PBXBuildFile; fileRef = 393192A225840F82006F40FC /* Curry.swift */; };
		396131D8258280770084D54E /* AppDelegate.swift in Sources */ = {isa = PBXBuildFile; fileRef = 396131D7258280770084D54E /* AppDelegate.swift */; };
		396131DA258280770084D54E /* SceneDelegate.swift in Sources */ = {isa = PBXBuildFile; fileRef = 396131D9258280770084D54E /* SceneDelegate.swift */; };
		396131DC258280770084D54E /* ViewController.swift in Sources */ = {isa = PBXBuildFile; fileRef = 396131DB258280770084D54E /* ViewController.swift */; };
		396131E12582807A0084D54E /* Assets.xcassets in Resources */ = {isa = PBXBuildFile; fileRef = 396131E02582807A0084D54E /* Assets.xcassets */; };
		396131E42582807A0084D54E /* LaunchScreen.storyboard in Resources */ = {isa = PBXBuildFile; fileRef = 396131E22582807A0084D54E /* LaunchScreen.storyboard */; };
		396131EE2582901D0084D54E /* PageGame.swift in Sources */ = {isa = PBXBuildFile; fileRef = 396131ED2582901D0084D54E /* PageGame.swift */; };
		396131F1258290A40084D54E /* Common.swift in Sources */ = {isa = PBXBuildFile; fileRef = 396131F0258290A40084D54E /* Common.swift */; };
		396131F62582F7CC0084D54E /* ViewGame.swift in Sources */ = {isa = PBXBuildFile; fileRef = 396131F52582F7CC0084D54E /* ViewGame.swift */; };
		396131FB2582F9400084D54E /* SnapKit in Frameworks */ = {isa = PBXBuildFile; productRef = 396131FA2582F9400084D54E /* SnapKit */; };
		396132032582FA3E0084D54E /* Screen.swift in Sources */ = {isa = PBXBuildFile; fileRef = 396131FE2582FA3D0084D54E /* Screen.swift */; };
		396132042582FA3E0084D54E /* ScreenManager.swift in Sources */ = {isa = PBXBuildFile; fileRef = 396131FF2582FA3E0084D54E /* ScreenManager.swift */; };
		396132052582FA3E0084D54E /* Reader.swift in Sources */ = {isa = PBXBuildFile; fileRef = 396132002582FA3E0084D54E /* Reader.swift */; };
		396132062582FA3E0084D54E /* Swelm.swift in Sources */ = {isa = PBXBuildFile; fileRef = 396132012582FA3E0084D54E /* Swelm.swift */; };
		396132072582FA3E0084D54E /* Store.swift in Sources */ = {isa = PBXBuildFile; fileRef = 396132022582FA3E0084D54E /* Store.swift */; };
		3961320B25834F320084D54E /* KeyboardView.swift in Sources */ = {isa = PBXBuildFile; fileRef = 3961320A25834F320084D54E /* KeyboardView.swift */; };
		3961320E25834F9C0084D54E /* UICommand.swift in Sources */ = {isa = PBXBuildFile; fileRef = 3961320D25834F9C0084D54E /* UICommand.swift */; };
		39613211258350E50084D54E /* Button.swift in Sources */ = {isa = PBXBuildFile; fileRef = 39613210258350E50084D54E /* Button.swift */; };
/* End PBXBuildFile section */

/* Begin PBXFileReference section */
		392EC1652583F08500F1AB4B /* String+Extensions.swift */ = {isa = PBXFileReference; lastKnownFileType = sourcecode.swift; path = "String+Extensions.swift"; sourceTree = "<group>"; };
		392EC1682583FEF600F1AB4B /* VCGame.swift */ = {isa = PBXFileReference; lastKnownFileType = sourcecode.swift; path = VCGame.swift; sourceTree = "<group>"; };
		392EC16D2584023900F1AB4B /* Size.swift */ = {isa = PBXFileReference; lastKnownFileType = sourcecode.swift; path = Size.swift; sourceTree = "<group>"; };
		392EC1712584025200F1AB4B /* Palette.swift */ = {isa = PBXFileReference; lastKnownFileType = sourcecode.swift; path = Palette.swift; sourceTree = "<group>"; };
		393192972584084B006F40FC /* App.swift */ = {isa = PBXFileReference; lastKnownFileType = sourcecode.swift; path = App.swift; sourceTree = "<group>"; };
		3931929B25840B7C006F40FC /* Array+Extensions.swift */ = {isa = PBXFileReference; lastKnownFileType = sourcecode.swift; path = "Array+Extensions.swift"; sourceTree = "<group>"; };
		3931929F25840C4D006F40FC /* Functional.swift */ = {isa = PBXFileReference; lastKnownFileType = sourcecode.swift; path = Functional.swift; sourceTree = "<group>"; };
		393192A225840F82006F40FC /* Curry.swift */ = {isa = PBXFileReference; lastKnownFileType = sourcecode.swift; path = Curry.swift; sourceTree = "<group>"; };
		396131D4258280770084D54E /* YouReader.app */ = {isa = PBXFileReference; explicitFileType = wrapper.application; includeInIndex = 0; path = YouReader.app; sourceTree = BUILT_PRODUCTS_DIR; };
		396131D7258280770084D54E /* AppDelegate.swift */ = {isa = PBXFileReference; lastKnownFileType = sourcecode.swift; path = AppDelegate.swift; sourceTree = "<group>"; };
		396131D9258280770084D54E /* SceneDelegate.swift */ = {isa = PBXFileReference; lastKnownFileType = sourcecode.swift; path = SceneDelegate.swift; sourceTree = "<group>"; };
		396131DB258280770084D54E /* ViewController.swift */ = {isa = PBXFileReference; lastKnownFileType = sourcecode.swift; path = ViewController.swift; sourceTree = "<group>"; };
		396131E02582807A0084D54E /* Assets.xcassets */ = {isa = PBXFileReference; lastKnownFileType = folder.assetcatalog; path = Assets.xcassets; sourceTree = "<group>"; };
		396131E32582807A0084D54E /* Base */ = {isa = PBXFileReference; lastKnownFileType = file.storyboard; name = Base; path = Base.lproj/LaunchScreen.storyboard; sourceTree = "<group>"; };
		396131E52582807A0084D54E /* Info.plist */ = {isa = PBXFileReference; lastKnownFileType = text.plist.xml; path = Info.plist; sourceTree = "<group>"; };
		396131ED2582901D0084D54E /* PageGame.swift */ = {isa = PBXFileReference; lastKnownFileType = sourcecode.swift; path = PageGame.swift; sourceTree = "<group>"; };
		396131F0258290A40084D54E /* Common.swift */ = {isa = PBXFileReference; lastKnownFileType = sourcecode.swift; path = Common.swift; sourceTree = "<group>"; };
		396131F52582F7CC0084D54E /* ViewGame.swift */ = {isa = PBXFileReference; lastKnownFileType = sourcecode.swift; path = ViewGame.swift; sourceTree = "<group>"; };
		396131FE2582FA3D0084D54E /* Screen.swift */ = {isa = PBXFileReference; fileEncoding = 4; lastKnownFileType = sourcecode.swift; path = Screen.swift; sourceTree = "<group>"; };
		396131FF2582FA3E0084D54E /* ScreenManager.swift */ = {isa = PBXFileReference; fileEncoding = 4; lastKnownFileType = sourcecode.swift; path = ScreenManager.swift; sourceTree = "<group>"; };
		396132002582FA3E0084D54E /* Reader.swift */ = {isa = PBXFileReference; fileEncoding = 4; lastKnownFileType = sourcecode.swift; path = Reader.swift; sourceTree = "<group>"; };
		396132012582FA3E0084D54E /* Swelm.swift */ = {isa = PBXFileReference; fileEncoding = 4; lastKnownFileType = sourcecode.swift; path = Swelm.swift; sourceTree = "<group>"; };
		396132022582FA3E0084D54E /* Store.swift */ = {isa = PBXFileReference; fileEncoding = 4; lastKnownFileType = sourcecode.swift; path = Store.swift; sourceTree = "<group>"; };
		3961320A25834F320084D54E /* KeyboardView.swift */ = {isa = PBXFileReference; lastKnownFileType = sourcecode.swift; path = KeyboardView.swift; sourceTree = "<group>"; };
		3961320D25834F9C0084D54E /* UICommand.swift */ = {isa = PBXFileReference; lastKnownFileType = sourcecode.swift; path = UICommand.swift; sourceTree = "<group>"; };
		39613210258350E50084D54E /* Button.swift */ = {isa = PBXFileReference; lastKnownFileType = sourcecode.swift; path = Button.swift; sourceTree = "<group>"; };
/* End PBXFileReference section */

/* Begin PBXFrameworksBuildPhase section */
		396131D1258280770084D54E /* Frameworks */ = {
			isa = PBXFrameworksBuildPhase;
			buildActionMask = 2147483647;
			files = (
				396131FB2582F9400084D54E /* SnapKit in Frameworks */,
			);
			runOnlyForDeploymentPostprocessing = 0;
		};
/* End PBXFrameworksBuildPhase section */

/* Begin PBXGroup section */
		392EC1642583F07000F1AB4B /* Extensions */ = {
			isa = PBXGroup;
			children = (
				392EC1652583F08500F1AB4B /* String+Extensions.swift */,
				3931929B25840B7C006F40FC /* Array+Extensions.swift */,
				3931929F25840C4D006F40FC /* Functional.swift */,
				393192A225840F82006F40FC /* Curry.swift */,
			);
			path = Extensions;
			sourceTree = "<group>";
		};
		392EC16C2584022B00F1AB4B /* Style */ = {
			isa = PBXGroup;
			children = (
				392EC16D2584023900F1AB4B /* Size.swift */,
				392EC1712584025200F1AB4B /* Palette.swift */,
			);
			path = Style;
			sourceTree = "<group>";
		};
		393192962584083F006F40FC /* App */ = {
			isa = PBXGroup;
			children = (
				393192972584084B006F40FC /* App.swift */,
			);
			path = App;
			sourceTree = "<group>";
		};
		396131CB258280770084D54E = {
			isa = PBXGroup;
			children = (
				392EC16C2584022B00F1AB4B /* Style */,
				392EC1642583F07000F1AB4B /* Extensions */,
				396131FD2582FA340084D54E /* Swelm */,
				396131EC25828FE30084D54E /* Source */,
				396131D6258280770084D54E /* YouReader */,
				396131D5258280770084D54E /* Products */,
			);
			sourceTree = "<group>";
		};
		396131D5258280770084D54E /* Products */ = {
			isa = PBXGroup;
			children = (
				396131D4258280770084D54E /* YouReader.app */,
			);
			name = Products;
			sourceTree = "<group>";
		};
		396131D6258280770084D54E /* YouReader */ = {
			isa = PBXGroup;
			children = (
				396131D7258280770084D54E /* AppDelegate.swift */,
				396131D9258280770084D54E /* SceneDelegate.swift */,
				396131DB258280770084D54E /* ViewController.swift */,
				396131E02582807A0084D54E /* Assets.xcassets */,
				396131E22582807A0084D54E /* LaunchScreen.storyboard */,
				396131E52582807A0084D54E /* Info.plist */,
			);
			path = YouReader;
			sourceTree = "<group>";
		};
		396131EC25828FE30084D54E /* Source */ = {
			isa = PBXGroup;
			children = (
				393192962584083F006F40FC /* App */,
				3961320925834F140084D54E /* Keyboard */,
				396131F42582F7B40084D54E /* Game */,
				396131F0258290A40084D54E /* Common.swift */,
			);
			path = Source;
			sourceTree = "<group>";
		};
		396131F42582F7B40084D54E /* Game */ = {
			isa = PBXGroup;
			children = (
				396131ED2582901D0084D54E /* PageGame.swift */,
				396131F52582F7CC0084D54E /* ViewGame.swift */,
				392EC1682583FEF600F1AB4B /* VCGame.swift */,
			);
			path = Game;
			sourceTree = "<group>";
		};
		396131FD2582FA340084D54E /* Swelm */ = {
			isa = PBXGroup;
			children = (
				396132002582FA3E0084D54E /* Reader.swift */,
				396131FE2582FA3D0084D54E /* Screen.swift */,
				396131FF2582FA3E0084D54E /* ScreenManager.swift */,
				396132022582FA3E0084D54E /* Store.swift */,
				396132012582FA3E0084D54E /* Swelm.swift */,
				3961320D25834F9C0084D54E /* UICommand.swift */,
			);
			path = Swelm;
			sourceTree = "<group>";
		};
		3961320925834F140084D54E /* Keyboard */ = {
			isa = PBXGroup;
			children = (
				3961320A25834F320084D54E /* KeyboardView.swift */,
				39613210258350E50084D54E /* Button.swift */,
			);
			path = Keyboard;
			sourceTree = "<group>";
		};
/* End PBXGroup section */

/* Begin PBXNativeTarget section */
		396131D3258280770084D54E /* YouReader */ = {
			isa = PBXNativeTarget;
			buildConfigurationList = 396131E82582807A0084D54E /* Build configuration list for PBXNativeTarget "YouReader" */;
			buildPhases = (
				396131D0258280770084D54E /* Sources */,
				396131D1258280770084D54E /* Frameworks */,
				396131D2258280770084D54E /* Resources */,
			);
			buildRules = (
			);
			dependencies = (
			);
			name = YouReader;
			packageProductDependencies = (
				396131FA2582F9400084D54E /* SnapKit */,
			);
			productName = YouReader;
			productReference = 396131D4258280770084D54E /* YouReader.app */;
			productType = "com.apple.product-type.application";
		};
/* End PBXNativeTarget section */

/* Begin PBXProject section */
		396131CC258280770084D54E /* Project object */ = {
			isa = PBXProject;
			attributes = {
				LastSwiftUpdateCheck = 1210;
				LastUpgradeCheck = 1210;
				TargetAttributes = {
					396131D3258280770084D54E = {
						CreatedOnToolsVersion = 12.1;
					};
				};
			};
			buildConfigurationList = 396131CF258280770084D54E /* Build configuration list for PBXProject "YouReader" */;
			compatibilityVersion = "Xcode 9.3";
			developmentRegion = en;
			hasScannedForEncodings = 0;
			knownRegions = (
				en,
				Base,
			);
			mainGroup = 396131CB258280770084D54E;
			packageReferences = (
				396131F92582F9400084D54E /* XCRemoteSwiftPackageReference "SnapKit" */,
			);
			productRefGroup = 396131D5258280770084D54E /* Products */;
			projectDirPath = "";
			projectRoot = "";
			targets = (
				396131D3258280770084D54E /* YouReader */,
			);
		};
/* End PBXProject section */

/* Begin PBXResourcesBuildPhase section */
		396131D2258280770084D54E /* Resources */ = {
			isa = PBXResourcesBuildPhase;
			buildActionMask = 2147483647;
			files = (
				396131E42582807A0084D54E /* LaunchScreen.storyboard in Resources */,
				396131E12582807A0084D54E /* Assets.xcassets in Resources */,
			);
			runOnlyForDeploymentPostprocessing = 0;
		};
/* End PBXResourcesBuildPhase section */

/* Begin PBXSourcesBuildPhase section */
		396131D0258280770084D54E /* Sources */ = {
			isa = PBXSourcesBuildPhase;
			buildActionMask = 2147483647;
			files = (
				396132032582FA3E0084D54E /* Screen.swift in Sources */,
				396132042582FA3E0084D54E /* ScreenManager.swift in Sources */,
				396131F1258290A40084D54E /* Common.swift in Sources */,
				393192982584084B006F40FC /* App.swift in Sources */,
				392EC1722584025200F1AB4B /* Palette.swift in Sources */,
				396132052582FA3E0084D54E /* Reader.swift in Sources */,
				392EC16E2584023900F1AB4B /* Size.swift in Sources */,
				396131EE2582901D0084D54E /* PageGame.swift in Sources */,
				396131DC258280770084D54E /* ViewController.swift in Sources */,
				396132072582FA3E0084D54E /* Store.swift in Sources */,
				39613211258350E50084D54E /* Button.swift in Sources */,
				393192A325840F82006F40FC /* Curry.swift in Sources */,
				396132062582FA3E0084D54E /* Swelm.swift in Sources */,
				396131F62582F7CC0084D54E /* ViewGame.swift in Sources */,
				392EC1692583FEF700F1AB4B /* VCGame.swift in Sources */,
				392EC1662583F08500F1AB4B /* String+Extensions.swift in Sources */,
				393192A025840C4D006F40FC /* Functional.swift in Sources */,
				3961320E25834F9C0084D54E /* UICommand.swift in Sources */,
				3961320B25834F320084D54E /* KeyboardView.swift in Sources */,
				396131D8258280770084D54E /* AppDelegate.swift in Sources */,
				396131DA258280770084D54E /* SceneDelegate.swift in Sources */,
				3931929C25840B7C006F40FC /* Array+Extensions.swift in Sources */,
			);
			runOnlyForDeploymentPostprocessing = 0;
		};
/* End PBXSourcesBuildPhase section */

/* Begin PBXVariantGroup section */
		396131E22582807A0084D54E /* LaunchScreen.storyboard */ = {
			isa = PBXVariantGroup;
			children = (
				396131E32582807A0084D54E /* Base */,
			);
			name = LaunchScreen.storyboard;
			sourceTree = "<group>";
		};
/* End PBXVariantGroup section */

/* Begin XCBuildConfiguration section */
		396131E62582807A0084D54E /* Debug */ = {
			isa = XCBuildConfiguration;
			buildSettings = {
				ALWAYS_SEARCH_USER_PATHS = NO;
				CLANG_ANALYZER_NONNULL = YES;
				CLANG_ANALYZER_NUMBER_OBJECT_CONVERSION = YES_AGGRESSIVE;
				CLANG_CXX_LANGUAGE_STANDARD = "gnu++14";
				CLANG_CXX_LIBRARY = "libc++";
				CLANG_ENABLE_MODULES = YES;
				CLANG_ENABLE_OBJC_ARC = YES;
				CLANG_ENABLE_OBJC_WEAK = YES;
				CLANG_WARN_BLOCK_CAPTURE_AUTORELEASING = YES;
				CLANG_WARN_BOOL_CONVERSION = YES;
				CLANG_WARN_COMMA = YES;
				CLANG_WARN_CONSTANT_CONVERSION = YES;
				CLANG_WARN_DEPRECATED_OBJC_IMPLEMENTATIONS = YES;
				CLANG_WARN_DIRECT_OBJC_ISA_USAGE = YES_ERROR;
				CLANG_WARN_DOCUMENTATION_COMMENTS = YES;
				CLANG_WARN_EMPTY_BODY = YES;
				CLANG_WARN_ENUM_CONVERSION = YES;
				CLANG_WARN_INFINITE_RECURSION = YES;
				CLANG_WARN_INT_CONVERSION = YES;
				CLANG_WARN_NON_LITERAL_NULL_CONVERSION = YES;
				CLANG_WARN_OBJC_IMPLICIT_RETAIN_SELF = YES;
				CLANG_WARN_OBJC_LITERAL_CONVERSION = YES;
				CLANG_WARN_OBJC_ROOT_CLASS = YES_ERROR;
				CLANG_WARN_QUOTED_INCLUDE_IN_FRAMEWORK_HEADER = YES;
				CLANG_WARN_RANGE_LOOP_ANALYSIS = YES;
				CLANG_WARN_STRICT_PROTOTYPES = YES;
				CLANG_WARN_SUSPICIOUS_MOVE = YES;
				CLANG_WARN_UNGUARDED_AVAILABILITY = YES_AGGRESSIVE;
				CLANG_WARN_UNREACHABLE_CODE = YES;
				CLANG_WARN__DUPLICATE_METHOD_MATCH = YES;
				COPY_PHASE_STRIP = NO;
				DEBUG_INFORMATION_FORMAT = dwarf;
				ENABLE_STRICT_OBJC_MSGSEND = YES;
				ENABLE_TESTABILITY = YES;
				GCC_C_LANGUAGE_STANDARD = gnu11;
				GCC_DYNAMIC_NO_PIC = NO;
				GCC_NO_COMMON_BLOCKS = YES;
				GCC_OPTIMIZATION_LEVEL = 0;
				GCC_PREPROCESSOR_DEFINITIONS = (
					"DEBUG=1",
					"$(inherited)",
				);
				GCC_WARN_64_TO_32_BIT_CONVERSION = YES;
				GCC_WARN_ABOUT_RETURN_TYPE = YES_ERROR;
				GCC_WARN_UNDECLARED_SELECTOR = YES;
				GCC_WARN_UNINITIALIZED_AUTOS = YES_AGGRESSIVE;
				GCC_WARN_UNUSED_FUNCTION = YES;
				GCC_WARN_UNUSED_VARIABLE = YES;
				IPHONEOS_DEPLOYMENT_TARGET = 14.1;
				MTL_ENABLE_DEBUG_INFO = INCLUDE_SOURCE;
				MTL_FAST_MATH = YES;
				ONLY_ACTIVE_ARCH = YES;
				SDKROOT = iphoneos;
				SWIFT_ACTIVE_COMPILATION_CONDITIONS = DEBUG;
				SWIFT_OPTIMIZATION_LEVEL = "-Onone";
			};
			name = Debug;
		};
		396131E72582807A0084D54E /* Release */ = {
			isa = XCBuildConfiguration;
			buildSettings = {
				ALWAYS_SEARCH_USER_PATHS = NO;
				CLANG_ANALYZER_NONNULL = YES;
				CLANG_ANALYZER_NUMBER_OBJECT_CONVERSION = YES_AGGRESSIVE;
				CLANG_CXX_LANGUAGE_STANDARD = "gnu++14";
				CLANG_CXX_LIBRARY = "libc++";
				CLANG_ENABLE_MODULES = YES;
				CLANG_ENABLE_OBJC_ARC = YES;
				CLANG_ENABLE_OBJC_WEAK = YES;
				CLANG_WARN_BLOCK_CAPTURE_AUTORELEASING = YES;
				CLANG_WARN_BOOL_CONVERSION = YES;
				CLANG_WARN_COMMA = YES;
				CLANG_WARN_CONSTANT_CONVERSION = YES;
				CLANG_WARN_DEPRECATED_OBJC_IMPLEMENTATIONS = YES;
				CLANG_WARN_DIRECT_OBJC_ISA_USAGE = YES_ERROR;
				CLANG_WARN_DOCUMENTATION_COMMENTS = YES;
				CLANG_WARN_EMPTY_BODY = YES;
				CLANG_WARN_ENUM_CONVERSION = YES;
				CLANG_WARN_INFINITE_RECURSION = YES;
				CLANG_WARN_INT_CONVERSION = YES;
				CLANG_WARN_NON_LITERAL_NULL_CONVERSION = YES;
				CLANG_WARN_OBJC_IMPLICIT_RETAIN_SELF = YES;
				CLANG_WARN_OBJC_LITERAL_CONVERSION = YES;
				CLANG_WARN_OBJC_ROOT_CLASS = YES_ERROR;
				CLANG_WARN_QUOTED_INCLUDE_IN_FRAMEWORK_HEADER = YES;
				CLANG_WARN_RANGE_LOOP_ANALYSIS = YES;
				CLANG_WARN_STRICT_PROTOTYPES = YES;
				CLANG_WARN_SUSPICIOUS_MOVE = YES;
				CLANG_WARN_UNGUARDED_AVAILABILITY = YES_AGGRESSIVE;
				CLANG_WARN_UNREACHABLE_CODE = YES;
				CLANG_WARN__DUPLICATE_METHOD_MATCH = YES;
				COPY_PHASE_STRIP = NO;
				DEBUG_INFORMATION_FORMAT = "dwarf-with-dsym";
				ENABLE_NS_ASSERTIONS = NO;
				ENABLE_STRICT_OBJC_MSGSEND = YES;
				GCC_C_LANGUAGE_STANDARD = gnu11;
				GCC_NO_COMMON_BLOCKS = YES;
				GCC_WARN_64_TO_32_BIT_CONVERSION = YES;
				GCC_WARN_ABOUT_RETURN_TYPE = YES_ERROR;
				GCC_WARN_UNDECLARED_SELECTOR = YES;
				GCC_WARN_UNINITIALIZED_AUTOS = YES_AGGRESSIVE;
				GCC_WARN_UNUSED_FUNCTION = YES;
				GCC_WARN_UNUSED_VARIABLE = YES;
				IPHONEOS_DEPLOYMENT_TARGET = 14.1;
				MTL_ENABLE_DEBUG_INFO = NO;
				MTL_FAST_MATH = YES;
				SDKROOT = iphoneos;
				SWIFT_COMPILATION_MODE = wholemodule;
				SWIFT_OPTIMIZATION_LEVEL = "-O";
				VALIDATE_PRODUCT = YES;
			};
			name = Release;
		};
		396131E92582807A0084D54E /* Debug */ = {
			isa = XCBuildConfiguration;
			buildSettings = {
				ASSETCATALOG_COMPILER_APPICON_NAME = AppIcon;
				ASSETCATALOG_COMPILER_GLOBAL_ACCENT_COLOR_NAME = AccentColor;
				CODE_SIGN_STYLE = Automatic;
				DEVELOPMENT_TEAM = Q6X4QSG356;
				INFOPLIST_FILE = YouReader/Info.plist;
				LD_RUNPATH_SEARCH_PATHS = (
					"$(inherited)",
					"@executable_path/Frameworks",
				);
				PRODUCT_BUNDLE_IDENTIFIER = space.indieduck.YouReader;
				PRODUCT_NAME = "$(TARGET_NAME)";
				SWIFT_VERSION = 5.0;
				TARGETED_DEVICE_FAMILY = "1,2";
			};
			name = Debug;
		};
		396131EA2582807A0084D54E /* Release */ = {
			isa = XCBuildConfiguration;
			buildSettings = {
				ASSETCATALOG_COMPILER_APPICON_NAME = AppIcon;
				ASSETCATALOG_COMPILER_GLOBAL_ACCENT_COLOR_NAME = AccentColor;
				CODE_SIGN_STYLE = Automatic;
				DEVELOPMENT_TEAM = Q6X4QSG356;
				INFOPLIST_FILE = YouReader/Info.plist;
				LD_RUNPATH_SEARCH_PATHS = (
					"$(inherited)",
					"@executable_path/Frameworks",
				);
				PRODUCT_BUNDLE_IDENTIFIER = space.indieduck.YouReader;
				PRODUCT_NAME = "$(TARGET_NAME)";
				SWIFT_VERSION = 5.0;
				TARGETED_DEVICE_FAMILY = "1,2";
			};
			name = Release;
		};
/* End XCBuildConfiguration section */

/* Begin XCConfigurationList section */
		396131CF258280770084D54E /* Build configuration list for PBXProject "YouReader" */ = {
			isa = XCConfigurationList;
			buildConfigurations = (
				396131E62582807A0084D54E /* Debug */,
				396131E72582807A0084D54E /* Release */,
			);
			defaultConfigurationIsVisible = 0;
			defaultConfigurationName = Release;
		};
		396131E82582807A0084D54E /* Build configuration list for PBXNativeTarget "YouReader" */ = {
			isa = XCConfigurationList;
			buildConfigurations = (
				396131E92582807A0084D54E /* Debug */,
				396131EA2582807A0084D54E /* Release */,
			);
			defaultConfigurationIsVisible = 0;
			defaultConfigurationName = Release;
		};
/* End XCConfigurationList section */

/* Begin XCRemoteSwiftPackageReference section */
		396131F92582F9400084D54E /* XCRemoteSwiftPackageReference "SnapKit" */ = {
			isa = XCRemoteSwiftPackageReference;
			repositoryURL = "https://github.com/SnapKit/SnapKit.git";
			requirement = {
				kind = upToNextMajorVersion;
				minimumVersion = 5.0.1;
			};
		};
/* End XCRemoteSwiftPackageReference section */

/* Begin XCSwiftPackageProductDependency section */
		396131FA2582F9400084D54E /* SnapKit */ = {
			isa = XCSwiftPackageProductDependency;
			package = 396131F92582F9400084D54E /* XCRemoteSwiftPackageReference "SnapKit" */;
			productName = SnapKit;
		};
/* End XCSwiftPackageProductDependency section */
	};
	rootObject = 396131CC258280770084D54E /* Project object */;
}
